{
  "requires": true,
  "lockfileVersion": 1,
  "dependencies": {
    "ng-inline-svg": {
      "version": "8.2.2",
      "resolved": "https://registry.npmjs.org/ng-inline-svg/-/ng-inline-svg-8.2.2.tgz",
      "integrity": "sha512-iIHLEDSZ68lZm8npWYCDkUZIk//1pmFyIk+6w7LI8UfdNo2FjqA3v114tJDVwsh6urp6vjEKkgv4knwwguXfwg=="
    }
  }
}
